// !$*UTF8*$!
{
	archiveVersion = 1;
	classes = {
	};
	objectVersion = 56;
	objects = {

/* Begin PBXBuildFile section */
		1ADC5B162AC007B000C603D6 /* AppDelegate.swift in Sources */ = {isa = PBXBuildFile; fileRef = 1ADC5B152AC007B000C603D6 /* AppDelegate.swift */; };
		1ADC5B182AC007B100C603D6 /* SceneDelegate.swift in Sources */ = {isa = PBXBuildFile; fileRef = 1ADC5B172AC007B100C603D6 /* SceneDelegate.swift */; };
		1ADC5B1A2AC007B100C603D6 /* MovieListViewController.swift in Sources */ = {isa = PBXBuildFile; fileRef = 1ADC5B192AC007B100C603D6 /* MovieListViewController.swift */; };
		1ADC5B1D2AC007B100C603D6 /* Main.storyboard in Resources */ = {isa = PBXBuildFile; fileRef = 1ADC5B1B2AC007B100C603D6 /* Main.storyboard */; };
		1ADC5B222AC007B500C603D6 /* Assets.xcassets in Resources */ = {isa = PBXBuildFile; fileRef = 1ADC5B212AC007B500C603D6 /* Assets.xcassets */; };
		1ADC5B252AC007B500C603D6 /* LaunchScreen.storyboard in Resources */ = {isa = PBXBuildFile; fileRef = 1ADC5B232AC007B500C603D6 /* LaunchScreen.storyboard */; };
		1ADC5B2F2AC00BA300C603D6 /* MovieListViewModel.swift in Sources */ = {isa = PBXBuildFile; fileRef = 1ADC5B2E2AC00BA300C603D6 /* MovieListViewModel.swift */; };
		1ADC5B312AC00E0400C603D6 /* MovieList.json in Resources */ = {isa = PBXBuildFile; fileRef = 1ADC5B302AC00E0400C603D6 /* MovieList.json */; };
		1ADC5B342AC00F2500C603D6 /* MovieModel.swift in Sources */ = {isa = PBXBuildFile; fileRef = 1ADC5B332AC00F2500C603D6 /* MovieModel.swift */; };
		1ADC5B382AC0143900C603D6 /* MovieTableViewCell.swift in Sources */ = {isa = PBXBuildFile; fileRef = 1ADC5B362AC0143900C603D6 /* MovieTableViewCell.swift */; };
		1ADC5B392AC0143900C603D6 /* MovieTableViewCell.xib in Resources */ = {isa = PBXBuildFile; fileRef = 1ADC5B372AC0143900C603D6 /* MovieTableViewCell.xib */; };
		1ADC5B3C2AC01F1400C603D6 /* ImageDownloader.swift in Sources */ = {isa = PBXBuildFile; fileRef = 1ADC5B3B2AC01F1300C603D6 /* ImageDownloader.swift */; };
		1ADC5B592AC026A500C603D6 /* Playlist+CoreDataProperties.swift in Sources */ = {isa = PBXBuildFile; fileRef = 1ADC5B502AC026A400C603D6 /* Playlist+CoreDataProperties.swift */; };
		1ADC5B5A2AC026A500C603D6 /* Movie+CoreDataProperties.swift in Sources */ = {isa = PBXBuildFile; fileRef = 1ADC5B512AC026A400C603D6 /* Movie+CoreDataProperties.swift */; };
		1ADC5B5B2AC026A500C603D6 /* Playlist+CoreDataClass.swift in Sources */ = {isa = PBXBuildFile; fileRef = 1ADC5B522AC026A400C603D6 /* Playlist+CoreDataClass.swift */; };
		1ADC5B5C2AC026A500C603D6 /* User+CoreDataClass.swift in Sources */ = {isa = PBXBuildFile; fileRef = 1ADC5B532AC026A400C603D6 /* User+CoreDataClass.swift */; };
		1ADC5B5D2AC026A500C603D6 /* User+CoreDataProperties.swift in Sources */ = {isa = PBXBuildFile; fileRef = 1ADC5B542AC026A400C603D6 /* User+CoreDataProperties.swift */; };
		1ADC5B5E2AC026A500C603D6 /* Movie+CoreDataClass.swift in Sources */ = {isa = PBXBuildFile; fileRef = 1ADC5B552AC026A400C603D6 /* Movie+CoreDataClass.swift */; };
		1ADC5B5F2AC026A500C603D6 /* CoreDataModel.xcdatamodeld in Sources */ = {isa = PBXBuildFile; fileRef = 1ADC5B562AC026A400C603D6 /* CoreDataModel.xcdatamodeld */; };
		1ADC5B602AC026A500C603D6 /* DatabaseManager.swift in Sources */ = {isa = PBXBuildFile; fileRef = 1ADC5B582AC026A400C603D6 /* DatabaseManager.swift */; };
		1ADC5B622AC02F9F00C603D6 /* MovieCellViewModel.swift in Sources */ = {isa = PBXBuildFile; fileRef = 1ADC5B612AC02F9F00C603D6 /* MovieCellViewModel.swift */; };
		1ADC5B642AC02FCA00C603D6 /* MovieJSONParser.swift in Sources */ = {isa = PBXBuildFile; fileRef = 1ADC5B632AC02FCA00C603D6 /* MovieJSONParser.swift */; };
/* End PBXBuildFile section */

/* Begin PBXFileReference section */
		1ADC5B122AC007B000C603D6 /* IMDB.app */ = {isa = PBXFileReference; explicitFileType = wrapper.application; includeInIndex = 0; path = IMDB.app; sourceTree = BUILT_PRODUCTS_DIR; };
		1ADC5B152AC007B000C603D6 /* AppDelegate.swift */ = {isa = PBXFileReference; lastKnownFileType = sourcecode.swift; path = AppDelegate.swift; sourceTree = "<group>"; };
		1ADC5B172AC007B100C603D6 /* SceneDelegate.swift */ = {isa = PBXFileReference; lastKnownFileType = sourcecode.swift; path = SceneDelegate.swift; sourceTree = "<group>"; };
		1ADC5B192AC007B100C603D6 /* MovieListViewController.swift */ = {isa = PBXFileReference; lastKnownFileType = sourcecode.swift; path = MovieListViewController.swift; sourceTree = "<group>"; };
		1ADC5B1C2AC007B100C603D6 /* Base */ = {isa = PBXFileReference; lastKnownFileType = file.storyboard; name = Base; path = Base.lproj/Main.storyboard; sourceTree = "<group>"; };
		1ADC5B212AC007B500C603D6 /* Assets.xcassets */ = {isa = PBXFileReference; lastKnownFileType = folder.assetcatalog; path = Assets.xcassets; sourceTree = "<group>"; };
		1ADC5B242AC007B500C603D6 /* Base */ = {isa = PBXFileReference; lastKnownFileType = file.storyboard; name = Base; path = Base.lproj/LaunchScreen.storyboard; sourceTree = "<group>"; };
		1ADC5B262AC007B500C603D6 /* Info.plist */ = {isa = PBXFileReference; lastKnownFileType = text.plist.xml; path = Info.plist; sourceTree = "<group>"; };
		1ADC5B2E2AC00BA300C603D6 /* MovieListViewModel.swift */ = {isa = PBXFileReference; lastKnownFileType = sourcecode.swift; path = MovieListViewModel.swift; sourceTree = "<group>"; };
		1ADC5B302AC00E0400C603D6 /* MovieList.json */ = {isa = PBXFileReference; lastKnownFileType = text.json; path = MovieList.json; sourceTree = "<group>"; };
		1ADC5B332AC00F2500C603D6 /* MovieModel.swift */ = {isa = PBXFileReference; lastKnownFileType = sourcecode.swift; path = MovieModel.swift; sourceTree = "<group>"; };
		1ADC5B362AC0143900C603D6 /* MovieTableViewCell.swift */ = {isa = PBXFileReference; lastKnownFileType = sourcecode.swift; path = MovieTableViewCell.swift; sourceTree = "<group>"; };
		1ADC5B372AC0143900C603D6 /* MovieTableViewCell.xib */ = {isa = PBXFileReference; lastKnownFileType = file.xib; path = MovieTableViewCell.xib; sourceTree = "<group>"; };
		1ADC5B3B2AC01F1300C603D6 /* ImageDownloader.swift */ = {isa = PBXFileReference; lastKnownFileType = sourcecode.swift; path = ImageDownloader.swift; sourceTree = "<group>"; };
		1ADC5B502AC026A400C603D6 /* Playlist+CoreDataProperties.swift */ = {isa = PBXFileReference; fileEncoding = 4; lastKnownFileType = sourcecode.swift; path = "Playlist+CoreDataProperties.swift"; sourceTree = "<group>"; };
		1ADC5B512AC026A400C603D6 /* Movie+CoreDataProperties.swift */ = {isa = PBXFileReference; fileEncoding = 4; lastKnownFileType = sourcecode.swift; path = "Movie+CoreDataProperties.swift"; sourceTree = "<group>"; };
		1ADC5B522AC026A400C603D6 /* Playlist+CoreDataClass.swift */ = {isa = PBXFileReference; fileEncoding = 4; lastKnownFileType = sourcecode.swift; path = "Playlist+CoreDataClass.swift"; sourceTree = "<group>"; };
		1ADC5B532AC026A400C603D6 /* User+CoreDataClass.swift */ = {isa = PBXFileReference; fileEncoding = 4; lastKnownFileType = sourcecode.swift; path = "User+CoreDataClass.swift"; sourceTree = "<group>"; };
		1ADC5B542AC026A400C603D6 /* User+CoreDataProperties.swift */ = {isa = PBXFileReference; fileEncoding = 4; lastKnownFileType = sourcecode.swift; path = "User+CoreDataProperties.swift"; sourceTree = "<group>"; };
		1ADC5B552AC026A400C603D6 /* Movie+CoreDataClass.swift */ = {isa = PBXFileReference; fileEncoding = 4; lastKnownFileType = sourcecode.swift; path = "Movie+CoreDataClass.swift"; sourceTree = "<group>"; };
		1ADC5B572AC026A400C603D6 /* Model.xcdatamodel */ = {isa = PBXFileReference; lastKnownFileType = wrapper.xcdatamodel; path = Model.xcdatamodel; sourceTree = "<group>"; };
		1ADC5B582AC026A400C603D6 /* DatabaseManager.swift */ = {isa = PBXFileReference; fileEncoding = 4; lastKnownFileType = sourcecode.swift; path = DatabaseManager.swift; sourceTree = "<group>"; };
		1ADC5B612AC02F9F00C603D6 /* MovieCellViewModel.swift */ = {isa = PBXFileReference; lastKnownFileType = sourcecode.swift; path = MovieCellViewModel.swift; sourceTree = "<group>"; };
		1ADC5B632AC02FCA00C603D6 /* MovieJSONParser.swift */ = {isa = PBXFileReference; lastKnownFileType = sourcecode.swift; path = MovieJSONParser.swift; sourceTree = "<group>"; };
/* End PBXFileReference section */

/* Begin PBXFrameworksBuildPhase section */
		1ADC5B0F2AC007B000C603D6 /* Frameworks */ = {
			isa = PBXFrameworksBuildPhase;
			buildActionMask = 2147483647;
			files = (
			);
			runOnlyForDeploymentPostprocessing = 0;
		};
/* End PBXFrameworksBuildPhase section */

/* Begin PBXGroup section */
		1ADC5B092AC007B000C603D6 = {
			isa = PBXGroup;
			children = (
				1ADC5B142AC007B000C603D6 /* IMDB */,
				1ADC5B132AC007B000C603D6 /* Products */,
			);
			sourceTree = "<group>";
		};
		1ADC5B132AC007B000C603D6 /* Products */ = {
			isa = PBXGroup;
			children = (
				1ADC5B122AC007B000C603D6 /* IMDB.app */,
			);
			name = Products;
			sourceTree = "<group>";
		};
		1ADC5B142AC007B000C603D6 /* IMDB */ = {
			isa = PBXGroup;
			children = (
				1ADC5B4F2AC0235500C603D6 /* MovieListScreen */,
				1ADC5B3D2AC0225300C603D6 /* Database */,
				1ADC5B3A2AC01E1B00C603D6 /* Utils */,
				1ADC5B152AC007B000C603D6 /* AppDelegate.swift */,
				1ADC5B302AC00E0400C603D6 /* MovieList.json */,
				1ADC5B172AC007B100C603D6 /* SceneDelegate.swift */,
				1ADC5B1B2AC007B100C603D6 /* Main.storyboard */,
				1ADC5B212AC007B500C603D6 /* Assets.xcassets */,
				1ADC5B232AC007B500C603D6 /* LaunchScreen.storyboard */,
				1ADC5B262AC007B500C603D6 /* Info.plist */,
			);
			path = IMDB;
			sourceTree = "<group>";
		};
		1ADC5B2C2AC00B2000C603D6 /* ViewController */ = {
			isa = PBXGroup;
			children = (
				1ADC5B192AC007B100C603D6 /* MovieListViewController.swift */,
			);
			path = ViewController;
			sourceTree = "<group>";
		};
		1ADC5B2D2AC00B5200C603D6 /* ViewModel */ = {
			isa = PBXGroup;
			children = (
				1ADC5B2E2AC00BA300C603D6 /* MovieListViewModel.swift */,
				1ADC5B612AC02F9F00C603D6 /* MovieCellViewModel.swift */,
			);
			path = ViewModel;
			sourceTree = "<group>";
		};
		1ADC5B322AC00F1700C603D6 /* Models */ = {
			isa = PBXGroup;
			children = (
				1ADC5B332AC00F2500C603D6 /* MovieModel.swift */,
			);
			path = Models;
			sourceTree = "<group>";
		};
		1ADC5B352AC0141900C603D6 /* Cells */ = {
			isa = PBXGroup;
			children = (
				1ADC5B362AC0143900C603D6 /* MovieTableViewCell.swift */,
				1ADC5B372AC0143900C603D6 /* MovieTableViewCell.xib */,
			);
			path = Cells;
			sourceTree = "<group>";
		};
		1ADC5B3A2AC01E1B00C603D6 /* Utils */ = {
			isa = PBXGroup;
			children = (
				1ADC5B3B2AC01F1300C603D6 /* ImageDownloader.swift */,
				1ADC5B632AC02FCA00C603D6 /* MovieJSONParser.swift */,
			);
			path = Utils;
			sourceTree = "<group>";
		};
		1ADC5B3D2AC0225300C603D6 /* Database */ = {
			isa = PBXGroup;
			children = (
				1ADC5B652AC0304400C603D6 /* Entities */,
				1ADC5B562AC026A400C603D6 /* CoreDataModel.xcdatamodeld */,
				1ADC5B582AC026A400C603D6 /* DatabaseManager.swift */,
			);
			path = Database;
			sourceTree = "<group>";
		};
		1ADC5B4F2AC0235500C603D6 /* MovieListScreen */ = {
			isa = PBXGroup;
			children = (
				1ADC5B352AC0141900C603D6 /* Cells */,
				1ADC5B322AC00F1700C603D6 /* Models */,
				1ADC5B2D2AC00B5200C603D6 /* ViewModel */,
				1ADC5B2C2AC00B2000C603D6 /* ViewController */,
			);
			path = MovieListScreen;
			sourceTree = "<group>";
		};
		1ADC5B652AC0304400C603D6 /* Entities */ = {
			isa = PBXGroup;
			children = (
				1ADC5B552AC026A400C603D6 /* Movie+CoreDataClass.swift */,
				1ADC5B512AC026A400C603D6 /* Movie+CoreDataProperties.swift */,
				1ADC5B522AC026A400C603D6 /* Playlist+CoreDataClass.swift */,
				1ADC5B502AC026A400C603D6 /* Playlist+CoreDataProperties.swift */,
				1ADC5B532AC026A400C603D6 /* User+CoreDataClass.swift */,
				1ADC5B542AC026A400C603D6 /* User+CoreDataProperties.swift */,
			);
			path = Entities;
			sourceTree = "<group>";
		};
/* End PBXGroup section */

/* Begin PBXNativeTarget section */
		1ADC5B112AC007B000C603D6 /* IMDB */ = {
			isa = PBXNativeTarget;
			buildConfigurationList = 1ADC5B292AC007B500C603D6 /* Build configuration list for PBXNativeTarget "IMDB" */;
			buildPhases = (
				1ADC5B0E2AC007B000C603D6 /* Sources */,
				1ADC5B0F2AC007B000C603D6 /* Frameworks */,
				1ADC5B102AC007B000C603D6 /* Resources */,
			);
			buildRules = (
			);
			dependencies = (
			);
			name = IMDB;
			productName = IMDB;
			productReference = 1ADC5B122AC007B000C603D6 /* IMDB.app */;
			productType = "com.apple.product-type.application";
		};
/* End PBXNativeTarget section */

/* Begin PBXProject section */
		1ADC5B0A2AC007B000C603D6 /* Project object */ = {
			isa = PBXProject;
			attributes = {
				BuildIndependentTargetsInParallel = 1;
				LastSwiftUpdateCheck = 1430;
				LastUpgradeCheck = 1430;
				TargetAttributes = {
					1ADC5B112AC007B000C603D6 = {
						CreatedOnToolsVersion = 14.3.1;
					};
				};
			};
			buildConfigurationList = 1ADC5B0D2AC007B000C603D6 /* Build configuration list for PBXProject "IMDB" */;
			compatibilityVersion = "Xcode 14.0";
			developmentRegion = en;
			hasScannedForEncodings = 0;
			knownRegions = (
				en,
				Base,
			);
			mainGroup = 1ADC5B092AC007B000C603D6;
			productRefGroup = 1ADC5B132AC007B000C603D6 /* Products */;
			projectDirPath = "";
			projectRoot = "";
			targets = (
				1ADC5B112AC007B000C603D6 /* IMDB */,
			);
		};
/* End PBXProject section */

/* Begin PBXResourcesBuildPhase section */
		1ADC5B102AC007B000C603D6 /* Resources */ = {
			isa = PBXResourcesBuildPhase;
			buildActionMask = 2147483647;
			files = (
				1ADC5B252AC007B500C603D6 /* LaunchScreen.storyboard in Resources */,
				1ADC5B392AC0143900C603D6 /* MovieTableViewCell.xib in Resources */,
				1ADC5B312AC00E0400C603D6 /* MovieList.json in Resources */,
				1ADC5B222AC007B500C603D6 /* Assets.xcassets in Resources */,
				1ADC5B1D2AC007B100C603D6 /* Main.storyboard in Resources */,
			);
			runOnlyForDeploymentPostprocessing = 0;
		};
/* End PBXResourcesBuildPhase section */

/* Begin PBXSourcesBuildPhase section */
		1ADC5B0E2AC007B000C603D6 /* Sources */ = {
			isa = PBXSourcesBuildPhase;
			buildActionMask = 2147483647;
			files = (
				1ADC5B602AC026A500C603D6 /* DatabaseManager.swift in Sources */,
				1ADC5B5E2AC026A500C603D6 /* Movie+CoreDataClass.swift in Sources */,
				1ADC5B5B2AC026A500C603D6 /* Playlist+CoreDataClass.swift in Sources */,
				1ADC5B342AC00F2500C603D6 /* MovieModel.swift in Sources */,
				1ADC5B5C2AC026A500C603D6 /* User+CoreDataClass.swift in Sources */,
				1ADC5B1A2AC007B100C603D6 /* MovieListViewController.swift in Sources */,
				1ADC5B3C2AC01F1400C603D6 /* ImageDownloader.swift in Sources */,
				1ADC5B382AC0143900C603D6 /* MovieTableViewCell.swift in Sources */,
				1ADC5B162AC007B000C603D6 /* AppDelegate.swift in Sources */,
				1ADC5B5A2AC026A500C603D6 /* Movie+CoreDataProperties.swift in Sources */,
				1ADC5B592AC026A500C603D6 /* Playlist+CoreDataProperties.swift in Sources */,
				1ADC5B5D2AC026A500C603D6 /* User+CoreDataProperties.swift in Sources */,
				1ADC5B182AC007B100C603D6 /* SceneDelegate.swift in Sources */,
				1ADC5B2F2AC00BA300C603D6 /* MovieListViewModel.swift in Sources */,
				1ADC5B5F2AC026A500C603D6 /* CoreDataModel.xcdatamodeld in Sources */,
				1ADC5B622AC02F9F00C603D6 /* MovieCellViewModel.swift in Sources */,
				1ADC5B642AC02FCA00C603D6 /* MovieJSONParser.swift in Sources */,
			);
			runOnlyForDeploymentPostprocessing = 0;
		};
/* End PBXSourcesBuildPhase section */

/* Begin PBXVariantGroup section */
		1ADC5B1B2AC007B100C603D6 /* Main.storyboard */ = {
			isa = PBXVariantGroup;
			children = (
				1ADC5B1C2AC007B100C603D6 /* Base */,
			);
			name = Main.storyboard;
			sourceTree = "<group>";
		};
		1ADC5B232AC007B500C603D6 /* LaunchScreen.storyboard */ = {
			isa = PBXVariantGroup;
			children = (
				1ADC5B242AC007B500C603D6 /* Base */,
			);
			name = LaunchScreen.storyboard;
			sourceTree = "<group>";
		};
/* End PBXVariantGroup section */

/* Begin XCBuildConfiguration section */
		1ADC5B272AC007B500C603D6 /* Debug */ = {
			isa = XCBuildConfiguration;
			buildSettings = {
				ALWAYS_SEARCH_USER_PATHS = NO;
				CLANG_ANALYZER_NONNULL = YES;
				CLANG_ANALYZER_NUMBER_OBJECT_CONVERSION = YES_AGGRESSIVE;
				CLANG_CXX_LANGUAGE_STANDARD = "gnu++20";
				CLANG_ENABLE_MODULES = YES;
				CLANG_ENABLE_OBJC_ARC = YES;
				CLANG_ENABLE_OBJC_WEAK = YES;
				CLANG_WARN_BLOCK_CAPTURE_AUTORELEASING = YES;
				CLANG_WARN_BOOL_CONVERSION = YES;
				CLANG_WARN_COMMA = YES;
				CLANG_WARN_CONSTANT_CONVERSION = YES;
				CLANG_WARN_DEPRECATED_OBJC_IMPLEMENTATIONS = YES;
				CLANG_WARN_DIRECT_OBJC_ISA_USAGE = YES_ERROR;
				CLANG_WARN_DOCUMENTATION_COMMENTS = YES;
				CLANG_WARN_EMPTY_BODY = YES;
				CLANG_WARN_ENUM_CONVERSION = YES;
				CLANG_WARN_INFINITE_RECURSION = YES;
				CLANG_WARN_INT_CONVERSION = YES;
				CLANG_WARN_NON_LITERAL_NULL_CONVERSION = YES;
				CLANG_WARN_OBJC_IMPLICIT_RETAIN_SELF = YES;
				CLANG_WARN_OBJC_LITERAL_CONVERSION = YES;
				CLANG_WARN_OBJC_ROOT_CLASS = YES_ERROR;
				CLANG_WARN_QUOTED_INCLUDE_IN_FRAMEWORK_HEADER = YES;
				CLANG_WARN_RANGE_LOOP_ANALYSIS = YES;
				CLANG_WARN_STRICT_PROTOTYPES = YES;
				CLANG_WARN_SUSPICIOUS_MOVE = YES;
				CLANG_WARN_UNGUARDED_AVAILABILITY = YES_AGGRESSIVE;
				CLANG_WARN_UNREACHABLE_CODE = YES;
				CLANG_WARN__DUPLICATE_METHOD_MATCH = YES;
				COPY_PHASE_STRIP = NO;
				DEBUG_INFORMATION_FORMAT = dwarf;
				ENABLE_STRICT_OBJC_MSGSEND = YES;
				ENABLE_TESTABILITY = YES;
				GCC_C_LANGUAGE_STANDARD = gnu11;
				GCC_DYNAMIC_NO_PIC = NO;
				GCC_NO_COMMON_BLOCKS = YES;
				GCC_OPTIMIZATION_LEVEL = 0;
				GCC_PREPROCESSOR_DEFINITIONS = (
					"DEBUG=1",
					"$(inherited)",
				);
				GCC_WARN_64_TO_32_BIT_CONVERSION = YES;
				GCC_WARN_ABOUT_RETURN_TYPE = YES_ERROR;
				GCC_WARN_UNDECLARED_SELECTOR = YES;
				GCC_WARN_UNINITIALIZED_AUTOS = YES_AGGRESSIVE;
				GCC_WARN_UNUSED_FUNCTION = YES;
				GCC_WARN_UNUSED_VARIABLE = YES;
				IPHONEOS_DEPLOYMENT_TARGET = 16.4;
				MTL_ENABLE_DEBUG_INFO = INCLUDE_SOURCE;
				MTL_FAST_MATH = YES;
				ONLY_ACTIVE_ARCH = YES;
				SDKROOT = iphoneos;
				SWIFT_ACTIVE_COMPILATION_CONDITIONS = DEBUG;
				SWIFT_OPTIMIZATION_LEVEL = "-Onone";
			};
			name = Debug;
		};
		1ADC5B282AC007B500C603D6 /* Release */ = {
			isa = XCBuildConfiguration;
			buildSettings = {
				ALWAYS_SEARCH_USER_PATHS = NO;
				CLANG_ANALYZER_NONNULL = YES;
				CLANG_ANALYZER_NUMBER_OBJECT_CONVERSION = YES_AGGRESSIVE;
				CLANG_CXX_LANGUAGE_STANDARD = "gnu++20";
				CLANG_ENABLE_MODULES = YES;
				CLANG_ENABLE_OBJC_ARC = YES;
				CLANG_ENABLE_OBJC_WEAK = YES;
				CLANG_WARN_BLOCK_CAPTURE_AUTORELEASING = YES;
				CLANG_WARN_BOOL_CONVERSION = YES;
				CLANG_WARN_COMMA = YES;
				CLANG_WARN_CONSTANT_CONVERSION = YES;
				CLANG_WARN_DEPRECATED_OBJC_IMPLEMENTATIONS = YES;
				CLANG_WARN_DIRECT_OBJC_ISA_USAGE = YES_ERROR;
				CLANG_WARN_DOCUMENTATION_COMMENTS = YES;
				CLANG_WARN_EMPTY_BODY = YES;
				CLANG_WARN_ENUM_CONVERSION = YES;
				CLANG_WARN_INFINITE_RECURSION = YES;
				CLANG_WARN_INT_CONVERSION = YES;
				CLANG_WARN_NON_LITERAL_NULL_CONVERSION = YES;
				CLANG_WARN_OBJC_IMPLICIT_RETAIN_SELF = YES;
				CLANG_WARN_OBJC_LITERAL_CONVERSION = YES;
				CLANG_WARN_OBJC_ROOT_CLASS = YES_ERROR;
				CLANG_WARN_QUOTED_INCLUDE_IN_FRAMEWORK_HEADER = YES;
				CLANG_WARN_RANGE_LOOP_ANALYSIS = YES;
				CLANG_WARN_STRICT_PROTOTYPES = YES;
				CLANG_WARN_SUSPICIOUS_MOVE = YES;
				CLANG_WARN_UNGUARDED_AVAILABILITY = YES_AGGRESSIVE;
				CLANG_WARN_UNREACHABLE_CODE = YES;
				CLANG_WARN__DUPLICATE_METHOD_MATCH = YES;
				COPY_PHASE_STRIP = NO;
				DEBUG_INFORMATION_FORMAT = "dwarf-with-dsym";
				ENABLE_NS_ASSERTIONS = NO;
				ENABLE_STRICT_OBJC_MSGSEND = YES;
				GCC_C_LANGUAGE_STANDARD = gnu11;
				GCC_NO_COMMON_BLOCKS = YES;
				GCC_WARN_64_TO_32_BIT_CONVERSION = YES;
				GCC_WARN_ABOUT_RETURN_TYPE = YES_ERROR;
				GCC_WARN_UNDECLARED_SELECTOR = YES;
				GCC_WARN_UNINITIALIZED_AUTOS = YES_AGGRESSIVE;
				GCC_WARN_UNUSED_FUNCTION = YES;
				GCC_WARN_UNUSED_VARIABLE = YES;
				IPHONEOS_DEPLOYMENT_TARGET = 16.4;
				MTL_ENABLE_DEBUG_INFO = NO;
				MTL_FAST_MATH = YES;
				SDKROOT = iphoneos;
				SWIFT_COMPILATION_MODE = wholemodule;
				SWIFT_OPTIMIZATION_LEVEL = "-O";
				VALIDATE_PRODUCT = YES;
			};
			name = Release;
		};
		1ADC5B2A2AC007B500C603D6 /* Debug */ = {
			isa = XCBuildConfiguration;
			buildSettings = {
				ASSETCATALOG_COMPILER_APPICON_NAME = AppIcon;
				ASSETCATALOG_COMPILER_GLOBAL_ACCENT_COLOR_NAME = AccentColor;
				CODE_SIGN_STYLE = Automatic;
				CURRENT_PROJECT_VERSION = 1;
				GENERATE_INFOPLIST_FILE = YES;
				INFOPLIST_FILE = IMDB/Info.plist;
				INFOPLIST_KEY_UIApplicationSupportsIndirectInputEvents = YES;
				INFOPLIST_KEY_UILaunchStoryboardName = LaunchScreen;
				INFOPLIST_KEY_UIMainStoryboardFile = Main;
				INFOPLIST_KEY_UISupportedInterfaceOrientations_iPad = "UIInterfaceOrientationPortrait UIInterfaceOrientationPortraitUpsideDown UIInterfaceOrientationLandscapeLeft UIInterfaceOrientationLandscapeRight";
				INFOPLIST_KEY_UISupportedInterfaceOrientations_iPhone = "UIInterfaceOrientationPortrait UIInterfaceOrientationLandscapeLeft UIInterfaceOrientationLandscapeRight";
				LD_RUNPATH_SEARCH_PATHS = (
					"$(inherited)",
					"@executable_path/Frameworks",
				);
				MARKETING_VERSION = 1.0;
				PRODUCT_BUNDLE_IDENTIFIER = com.phonepe.IMDB;
				PRODUCT_NAME = "$(TARGET_NAME)";
				SWIFT_EMIT_LOC_STRINGS = YES;
				SWIFT_VERSION = 5.0;
				TARGETED_DEVICE_FAMILY = "1,2";
			};
			name = Debug;
		};
		1ADC5B2B2AC007B500C603D6 /* Release */ = {
			isa = XCBuildConfiguration;
			buildSettings = {
				ASSETCATALOG_COMPILER_APPICON_NAME = AppIcon;
				ASSETCATALOG_COMPILER_GLOBAL_ACCENT_COLOR_NAME = AccentColor;
				CODE_SIGN_STYLE = Automatic;
				CURRENT_PROJECT_VERSION = 1;
				GENERATE_INFOPLIST_FILE = YES;
				INFOPLIST_FILE = IMDB/Info.plist;
				INFOPLIST_KEY_UIApplicationSupportsIndirectInputEvents = YES;
				INFOPLIST_KEY_UILaunchStoryboardName = LaunchScreen;
				INFOPLIST_KEY_UIMainStoryboardFile = Main;
				INFOPLIST_KEY_UISupportedInterfaceOrientations_iPad = "UIInterfaceOrientationPortrait UIInterfaceOrientationPortraitUpsideDown UIInterfaceOrientationLandscapeLeft UIInterfaceOrientationLandscapeRight";
				INFOPLIST_KEY_UISupportedInterfaceOrientations_iPhone = "UIInterfaceOrientationPortrait UIInterfaceOrientationLandscapeLeft UIInterfaceOrientationLandscapeRight";
				LD_RUNPATH_SEARCH_PATHS = (
					"$(inherited)",
					"@executable_path/Frameworks",
				);
				MARKETING_VERSION = 1.0;
				PRODUCT_BUNDLE_IDENTIFIER = com.phonepe.IMDB;
				PRODUCT_NAME = "$(TARGET_NAME)";
				SWIFT_EMIT_LOC_STRINGS = YES;
				SWIFT_VERSION = 5.0;
				TARGETED_DEVICE_FAMILY = "1,2";
			};
			name = Release;
		};
/* End XCBuildConfiguration section */

/* Begin XCConfigurationList section */
		1ADC5B0D2AC007B000C603D6 /* Build configuration list for PBXProject "IMDB" */ = {
			isa = XCConfigurationList;
			buildConfigurations = (
				1ADC5B272AC007B500C603D6 /* Debug */,
				1ADC5B282AC007B500C603D6 /* Release */,
			);
			defaultConfigurationIsVisible = 0;
			defaultConfigurationName = Release;
		};
		1ADC5B292AC007B500C603D6 /* Build configuration list for PBXNativeTarget "IMDB" */ = {
			isa = XCConfigurationList;
			buildConfigurations = (
				1ADC5B2A2AC007B500C603D6 /* Debug */,
				1ADC5B2B2AC007B500C603D6 /* Release */,
			);
			defaultConfigurationIsVisible = 0;
			defaultConfigurationName = Release;
		};
/* End XCConfigurationList section */

/* Begin XCVersionGroup section */
		1ADC5B562AC026A400C603D6 /* CoreDataModel.xcdatamodeld */ = {
			isa = XCVersionGroup;
			children = (
				1ADC5B572AC026A400C603D6 /* Model.xcdatamodel */,
			);
			currentVersion = 1ADC5B572AC026A400C603D6 /* Model.xcdatamodel */;
			name = CoreDataModel.xcdatamodeld;
			path = ../../../../Downloads/IMDB/IMDB/Database/CoreDataModel.xcdatamodeld;
			sourceTree = "<group>";
			versionGroupType = wrapper.xcdatamodel;
		};
/* End XCVersionGroup section */
	};
	rootObject = 1ADC5B0A2AC007B000C603D6 /* Project object */;
}
